
Microsoft Visual Studio Solution File, Format Version 12.00
# Visual Studio Version 17
VisualStudioVersion = 17.0.31903.59
MinimumVisualStudioVersion = 10.0.40219.1
Project("{FAE04EC0-301F-11D3-BF4B-00C04F79EFBC}") = "CleanArchMvc.Infra.IoC", "CleanArchMvc.Infra.IoC\CleanArchMvc.Infra.IoC.csproj", "{557FC95C-3B66-4935-A90E-5DD16C027267}"
EndProject
Project("{FAE04EC0-301F-11D3-BF4B-00C04F79EFBC}") = "CleanArchMvc.Infra.Data", "CleanArchMvc.Infra.Data\CleanArchMvc.Infra.Data.csproj", "{489C7309-85A2-40AF-90CB-1E0CA856F6F1}"
EndProject
Project("{FAE04EC0-301F-11D3-BF4B-00C04F79EFBC}") = "CleanArchMvc.Domain", "CleanArchMvc.Domain\CleanArchMvc.Domain.csproj", "{DC9DA328-7F23-4421-8183-93F95A563EDE}"
EndProject
Project("{FAE04EC0-301F-11D3-BF4B-00C04F79EFBC}") = "CleanArchMvc.Application", "CleanArchMvc.Application\CleanArchMvc.Application.csproj", "{49B36B4F-2575-4F74-A5B8-CEF0015B7A8E}"
EndProject
Project("{FAE04EC0-301F-11D3-BF4B-00C04F79EFBC}") = "CleanArchMvc.Infra.WebUI", "CleanArchMvc.Infra.WebUI\CleanArchMvc.Infra.WebUI.csproj", "{EBC7BF4C-6CD9-4CAE-806B-B321E5F2C389}"
EndProject
Project("{FAE04EC0-301F-11D3-BF4B-00C04F79EFBC}") = "CleanArch.Domain.Tests", "CleanArch.Domain.Tests\CleanArch.Domain.Tests.csproj", "{FA8DAAEB-D56C-4CE7-AA10-3532F32BAC8A}"
EndProject
Global
	GlobalSection(SolutionProperties) = preSolution
		HideSolutionNode = FALSE
	EndGlobalSection
	GlobalSection(SolutionConfigurationPlatforms) = preSolution
		Debug|Any CPU = Debug|Any CPU
		Debug|x64 = Debug|x64
		Debug|x86 = Debug|x86
		Release|Any CPU = Release|Any CPU
		Release|x64 = Release|x64
		Release|x86 = Release|x86
	EndGlobalSection
	GlobalSection(ProjectConfigurationPlatforms) = postSolution
		{557FC95C-3B66-4935-A90E-5DD16C027267}.Debug|Any CPU.ActiveCfg = Debug|Any CPU
		{557FC95C-3B66-4935-A90E-5DD16C027267}.Debug|Any CPU.Build.0 = Debug|Any CPU
		{557FC95C-3B66-4935-A90E-5DD16C027267}.Debug|x64.ActiveCfg = Debug|Any CPU
		{557FC95C-3B66-4935-A90E-5DD16C027267}.Debug|x64.Build.0 = Debug|Any CPU
		{557FC95C-3B66-4935-A90E-5DD16C027267}.Debug|x86.ActiveCfg = Debug|Any CPU
		{557FC95C-3B66-4935-A90E-5DD16C027267}.Debug|x86.Build.0 = Debug|Any CPU
		{557FC95C-3B66-4935-A90E-5DD16C027267}.Release|Any CPU.ActiveCfg = Release|Any CPU
		{557FC95C-3B66-4935-A90E-5DD16C027267}.Release|Any CPU.Build.0 = Release|Any CPU
		{557FC95C-3B66-4935-A90E-5DD16C027267}.Release|x64.ActiveCfg = Release|Any CPU
		{557FC95C-3B66-4935-A90E-5DD16C027267}.Release|x64.Build.0 = Release|Any CPU
		{557FC95C-3B66-4935-A90E-5DD16C027267}.Release|x86.ActiveCfg = Release|Any CPU
		{557FC95C-3B66-4935-A90E-5DD16C027267}.Release|x86.Build.0 = Release|Any CPU
		{489C7309-85A2-40AF-90CB-1E0CA856F6F1}.Debug|Any CPU.ActiveCfg = Debug|Any CPU
		{489C7309-85A2-40AF-90CB-1E0CA856F6F1}.Debug|Any CPU.Build.0 = Debug|Any CPU
		{489C7309-85A2-40AF-90CB-1E0CA856F6F1}.Debug|x64.ActiveCfg = Debug|Any CPU
		{489C7309-85A2-40AF-90CB-1E0CA856F6F1}.Debug|x64.Build.0 = Debug|Any CPU
		{489C7309-85A2-40AF-90CB-1E0CA856F6F1}.Debug|x86.ActiveCfg = Debug|Any CPU
		{489C7309-85A2-40AF-90CB-1E0CA856F6F1}.Debug|x86.Build.0 = Debug|Any CPU
		{489C7309-85A2-40AF-90CB-1E0CA856F6F1}.Release|Any CPU.ActiveCfg = Release|Any CPU
		{489C7309-85A2-40AF-90CB-1E0CA856F6F1}.Release|Any CPU.Build.0 = Release|Any CPU
		{489C7309-85A2-40AF-90CB-1E0CA856F6F1}.Release|x64.ActiveCfg = Release|Any CPU
		{489C7309-85A2-40AF-90CB-1E0CA856F6F1}.Release|x64.Build.0 = Release|Any CPU
		{489C7309-85A2-40AF-90CB-1E0CA856F6F1}.Release|x86.ActiveCfg = Release|Any CPU
		{489C7309-85A2-40AF-90CB-1E0CA856F6F1}.Release|x86.Build.0 = Release|Any CPU
		{DC9DA328-7F23-4421-8183-93F95A563EDE}.Debug|Any CPU.ActiveCfg = Debug|Any CPU
		{DC9DA328-7F23-4421-8183-93F95A563EDE}.Debug|Any CPU.Build.0 = Debug|Any CPU
		{DC9DA328-7F23-4421-8183-93F95A563EDE}.Debug|x64.ActiveCfg = Debug|Any CPU
		{DC9DA328-7F23-4421-8183-93F95A563EDE}.Debug|x64.Build.0 = Debug|Any CPU
		{DC9DA328-7F23-4421-8183-93F95A563EDE}.Debug|x86.ActiveCfg = Debug|Any CPU
		{DC9DA328-7F23-4421-8183-93F95A563EDE}.Debug|x86.Build.0 = Debug|Any CPU
		{DC9DA328-7F23-4421-8183-93F95A563EDE}.Release|Any CPU.ActiveCfg = Release|Any CPU
		{DC9DA328-7F23-4421-8183-93F95A563EDE}.Release|Any CPU.Build.0 = Release|Any CPU
		{DC9DA328-7F23-4421-8183-93F95A563EDE}.Release|x64.ActiveCfg = Release|Any CPU
		{DC9DA328-7F23-4421-8183-93F95A563EDE}.Release|x64.Build.0 = Release|Any CPU
		{DC9DA328-7F23-4421-8183-93F95A563EDE}.Release|x86.ActiveCfg = Release|Any CPU
		{DC9DA328-7F23-4421-8183-93F95A563EDE}.Release|x86.Build.0 = Release|Any CPU
		{49B36B4F-2575-4F74-A5B8-CEF0015B7A8E}.Debug|Any CPU.ActiveCfg = Debug|Any CPU
		{49B36B4F-2575-4F74-A5B8-CEF0015B7A8E}.Debug|Any CPU.Build.0 = Debug|Any CPU
		{49B36B4F-2575-4F74-A5B8-CEF0015B7A8E}.Debug|x64.ActiveCfg = Debug|Any CPU
		{49B36B4F-2575-4F74-A5B8-CEF0015B7A8E}.Debug|x64.Build.0 = Debug|Any CPU
		{49B36B4F-2575-4F74-A5B8-CEF0015B7A8E}.Debug|x86.ActiveCfg = Debug|Any CPU
		{49B36B4F-2575-4F74-A5B8-CEF0015B7A8E}.Debug|x86.Build.0 = Debug|Any CPU
		{49B36B4F-2575-4F74-A5B8-CEF0015B7A8E}.Release|Any CPU.ActiveCfg = Release|Any CPU
		{49B36B4F-2575-4F74-A5B8-CEF0015B7A8E}.Release|Any CPU.Build.0 = Release|Any CPU
		{49B36B4F-2575-4F74-A5B8-CEF0015B7A8E}.Release|x64.ActiveCfg = Release|Any CPU
		{49B36B4F-2575-4F74-A5B8-CEF0015B7A8E}.Release|x64.Build.0 = Release|Any CPU
		{49B36B4F-2575-4F74-A5B8-CEF0015B7A8E}.Release|x86.ActiveCfg = Release|Any CPU
		{49B36B4F-2575-4F74-A5B8-CEF0015B7A8E}.Release|x86.Build.0 = Release|Any CPU
		{EBC7BF4C-6CD9-4CAE-806B-B321E5F2C389}.Debug|Any CPU.ActiveCfg = Debug|Any CPU
		{EBC7BF4C-6CD9-4CAE-806B-B321E5F2C389}.Debug|Any CPU.Build.0 = Debug|Any CPU
		{EBC7BF4C-6CD9-4CAE-806B-B321E5F2C389}.Debug|x64.ActiveCfg = Debug|Any CPU
		{EBC7BF4C-6CD9-4CAE-806B-B321E5F2C389}.Debug|x64.Build.0 = Debug|Any CPU
		{EBC7BF4C-6CD9-4CAE-806B-B321E5F2C389}.Debug|x86.ActiveCfg = Debug|Any CPU
		{EBC7BF4C-6CD9-4CAE-806B-B321E5F2C389}.Debug|x86.Build.0 = Debug|Any CPU
		{EBC7BF4C-6CD9-4CAE-806B-B321E5F2C389}.Release|Any CPU.ActiveCfg = Release|Any CPU
		{EBC7BF4C-6CD9-4CAE-806B-B321E5F2C389}.Release|Any CPU.Build.0 = Release|Any CPU
		{EBC7BF4C-6CD9-4CAE-806B-B321E5F2C389}.Release|x64.ActiveCfg = Release|Any CPU
		{EBC7BF4C-6CD9-4CAE-806B-B321E5F2C389}.Release|x64.Build.0 = Release|Any CPU
		{EBC7BF4C-6CD9-4CAE-806B-B321E5F2C389}.Release|x86.ActiveCfg = Release|Any CPU
		{EBC7BF4C-6CD9-4CAE-806B-B321E5F2C389}.Release|x86.Build.0 = Release|Any CPU
		{FA8DAAEB-D56C-4CE7-AA10-3532F32BAC8A}.Debug|Any CPU.ActiveCfg = Debug|Any CPU
		{FA8DAAEB-D56C-4CE7-AA10-3532F32BAC8A}.Debug|Any CPU.Build.0 = Debug|Any CPU
		{FA8DAAEB-D56C-4CE7-AA10-3532F32BAC8A}.Debug|x64.ActiveCfg = Debug|Any CPU
		{FA8DAAEB-D56C-4CE7-AA10-3532F32BAC8A}.Debug|x64.Build.0 = Debug|Any CPU
		{FA8DAAEB-D56C-4CE7-AA10-3532F32BAC8A}.Debug|x86.ActiveCfg = Debug|Any CPU
		{FA8DAAEB-D56C-4CE7-AA10-3532F32BAC8A}.Debug|x86.Build.0 = Debug|Any CPU
		{FA8DAAEB-D56C-4CE7-AA10-3532F32BAC8A}.Release|Any CPU.ActiveCfg = Release|Any CPU
		{FA8DAAEB-D56C-4CE7-AA10-3532F32BAC8A}.Release|Any CPU.Build.0 = Release|Any CPU
		{FA8DAAEB-D56C-4CE7-AA10-3532F32BAC8A}.Release|x64.ActiveCfg = Release|Any CPU
		{FA8DAAEB-D56C-4CE7-AA10-3532F32BAC8A}.Release|x64.Build.0 = Release|Any CPU
		{FA8DAAEB-D56C-4CE7-AA10-3532F32BAC8A}.Release|x86.ActiveCfg = Release|Any CPU
		{FA8DAAEB-D56C-4CE7-AA10-3532F32BAC8A}.Release|x86.Build.0 = Release|Any CPU
	EndGlobalSection
EndGlobal
